<?xml version="1.0" encoding="utf-8"?>
<Project ToolsVersion="4.0" xmlns="http://schemas.microsoft.com/developer/msbuild/2003">
  <ItemGroup>
    <ClInclude Include="Knife.h">
      <Filter>Header Files</Filter>
    </ClInclude>
    <ClInclude Include="Weapon.h">
      <Filter>Header Files</Filter>
    </ClInclude>
    <ClInclude Include="Axe.h" />
    <ClInclude Include="BigFire.h" />
    <ClInclude Include="BossBat.h" />
    <ClInclude Include="Candle.h" />
    <ClInclude Include="CheckPoint.h" />
    <ClInclude Include="CheckStair.h" />
    <ClInclude Include="Cross.h" />
    <ClInclude Include="debug.h" />
    <ClInclude Include="define.h" />
    <ClInclude Include="Door.h" />
    <ClInclude Include="Effect.h" />
    <ClInclude Include="Enemy.h" />
    <ClInclude Include="EnemyBullet.h" />
    <ClInclude Include="Game.h" />
    <ClInclude Include="GameObject.h" />
    <ClInclude Include="GridObjects.h" />
    <ClInclude Include="Ground.h" />
    <ClInclude Include="HolyWater.h" />
    <ClInclude Include="Knife.h" />
    <ClInclude Include="Map.h" />
    <ClInclude Include="MerMan.h" />
    <ClInclude Include="Panther.h" />
    <ClInclude Include="RedBat.h" />
    <ClInclude Include="Simon.h" />
    <ClInclude Include="Sprites.h" />
    <ClInclude Include="Stair.h" />
    <ClInclude Include="Textures.h" />
    <ClInclude Include="UI.h" />
    <ClInclude Include="WaterAnimation.h" />
    <ClInclude Include="Weapon.h" />
    <ClInclude Include="Whip.h" />
    <ClInclude Include="Item.h" />
    <ClInclude Include="Zombie.h" />
    <ClInclude Include="Wall.h" />
  </ItemGroup>
  <ItemGroup>
    <ClCompile Include="Knife.cpp">
      <Filter>Source Files</Filter>
    </ClCompile>
    <ClCompile Include="Weapon.cpp">
      <Filter>Source Files</Filter>
    </ClCompile>
    <ClCompile Include="Axe.cpp" />
    <ClCompile Include="BigFire.cpp" />
    <ClCompile Include="BossBat.cpp" />
    <ClCompile Include="Candle.cpp" />
    <ClCompile Include="CheckPoint.cpp" />
    <ClCompile Include="CheckStair.cpp" />
    <ClCompile Include="Cross.cpp" />
    <ClCompile Include="debug.cpp" />
    <ClCompile Include="define.cpp" />
    <ClCompile Include="Door.cpp" />
    <ClCompile Include="Effect.cpp" />
    <ClCompile Include="Enemy.cpp" />
    <ClCompile Include="EnemyBullet.cpp" />
    <ClCompile Include="Game.cpp" />
    <ClCompile Include="GameObject.cpp" />
    <ClCompile Include="GridObjects.cpp" />
    <ClCompile Include="Ground.cpp" />
    <ClCompile Include="HolyWater.cpp" />
    <ClCompile Include="Knife.cpp" />
    <ClCompile Include="Map.cpp" />
    <ClCompile Include="MerMan.cpp" />
    <ClCompile Include="Panther.cpp" />
    <ClCompile Include="RedBat.cpp" />
    <ClCompile Include="Simon.cpp" />
    <ClCompile Include="Source.cpp" />
    <ClCompile Include="Sprites.cpp" />
    <ClCompile Include="Stair.cpp" />
    <ClCompile Include="Textures.cpp" />
    <ClCompile Include="UI.cpp" />
    <ClCompile Include="WaterAnimation.cpp" />
    <ClCompile Include="Weapon.cpp" />
    <ClCompile Include="Whip.cpp" />
    <ClCompile Include="Item.cpp" />
    <ClCompile Include="Zombie.cpp" />
    <ClCompile Include="Wall.cpp" />
  </ItemGroup>
</Project>