<?xml version="1.0" encoding="utf-8"?>
<Project ToolsVersion="4.0" xmlns="http://schemas.microsoft.com/developer/msbuild/2003">
  <ItemGroup>
    <ClInclude Include="Knife.h">
      <Filter>Header Files\Weapons</Filter>
    </ClInclude>
    <ClInclude Include="Weapon.h">
      <Filter>Header Files\Weapons</Filter>
    </ClInclude>
    <ClInclude Include="CheckPoint.h">
      <Filter>Header Files\CheckObject</Filter>
    </ClInclude>
    <ClInclude Include="BigFire.h">
      <Filter>Header Files\Objects</Filter>
    </ClInclude>
    <ClInclude Include="Candle.h">
      <Filter>Header Files\Objects</Filter>
    </ClInclude>
    <ClInclude Include="Effect.h">
      <Filter>Header Files\Objects</Filter>
    </ClInclude>
    <ClInclude Include="GridObjects.h">
      <Filter>Header Files\Grid</Filter>
    </ClInclude>
    <ClInclude Include="Game.h">
      <Filter>Header Files\Resources</Filter>
    </ClInclude>
    <ClInclude Include="GameObject.h">
      <Filter>Header Files\Resources</Filter>
    </ClInclude>
    <ClInclude Include="define.h">
      <Filter>Header Files\Resources</Filter>
    </ClInclude>
    <ClInclude Include="Item.h">
      <Filter>Header Files\Objects</Filter>
    </ClInclude>
    <ClInclude Include="Map.h">
      <Filter>Header Files\Resources</Filter>
    </ClInclude>
    <ClInclude Include="CheckStair.h">
      <Filter>Header Files\Stair</Filter>
    </ClInclude>
    <ClInclude Include="Ground.h">
      <Filter>Header Files\Stair</Filter>
    </ClInclude>
    <ClInclude Include="Stair.h">
      <Filter>Header Files\Stair</Filter>
    </ClInclude>
    <ClInclude Include="UI.h">
      <Filter>Header Files\Resources</Filter>
    </ClInclude>
    <ClInclude Include="Simon.h">
      <Filter>Header Files\Simon</Filter>
    </ClInclude>
    <ClInclude Include="Whip.h">
      <Filter>Header Files\Simon</Filter>
    </ClInclude>
    <ClInclude Include="Sprites.h">
      <Filter>Header Files\Resources</Filter>
    </ClInclude>
    <ClInclude Include="debug.h">
      <Filter>Header Files\Resources</Filter>
    </ClInclude>
    <ClInclude Include="Textures.h">
      <Filter>Header Files\Resources</Filter>
    </ClInclude>
    <ClInclude Include="BossBat.h">
      <Filter>Header Files\Enemies</Filter>
    </ClInclude>
    <ClInclude Include="Enemy.h">
      <Filter>Header Files\Enemies</Filter>
    </ClInclude>
    <ClInclude Include="EnemyBullet.h">
      <Filter>Header Files\Enemies</Filter>
    </ClInclude>
    <ClInclude Include="MerMan.h">
      <Filter>Header Files\Enemies</Filter>
    </ClInclude>
    <ClInclude Include="Panther.h">
      <Filter>Header Files\Enemies</Filter>
    </ClInclude>
    <ClInclude Include="Zombie.h">
      <Filter>Header Files\Enemies</Filter>
    </ClInclude>
    <ClInclude Include="RedBat.h">
      <Filter>Header Files\Enemies</Filter>
    </ClInclude>
    <ClInclude Include="Axe.h">
      <Filter>Header Files\Weapons</Filter>
    </ClInclude>
    <ClInclude Include="HolyWater.h">
      <Filter>Header Files\Weapons</Filter>
    </ClInclude>
    <ClInclude Include="Knife.h">
      <Filter>Header Files</Filter>
    </ClInclude>
    <ClInclude Include="Weapon.h">
      <Filter>Header Files</Filter>
    </ClInclude>
    <ClInclude Include="Cross.h">
      <Filter>Header Files\Weapons</Filter>
    </ClInclude>
    <ClInclude Include="Door.h">
      <Filter>Header Files\Objects</Filter>
    </ClInclude>
    <ClInclude Include="WaterAnimation.h">
      <Filter>Header Files</Filter>
    </ClInclude>
  </ItemGroup>
  <ItemGroup>
    <ClCompile Include="BigFire.cpp">
      <Filter>Source Files\Objects</Filter>
    </ClCompile>
    <ClCompile Include="BossBat.cpp">
      <Filter>Source Files\Enemies</Filter>
    </ClCompile>
    <ClCompile Include="Enemy.cpp">
      <Filter>Source Files\Enemies</Filter>
    </ClCompile>
    <ClCompile Include="EnemyBullet.cpp">
      <Filter>Source Files\Enemies</Filter>
    </ClCompile>
    <ClCompile Include="Candle.cpp">
      <Filter>Source Files\Objects</Filter>
    </ClCompile>
    <ClCompile Include="CheckPoint.cpp">
      <Filter>Source Files\CheckObject</Filter>
    </ClCompile>
    <ClCompile Include="CheckStair.cpp">
      <Filter>Source Files\Stair</Filter>
    </ClCompile>
    <ClCompile Include="debug.cpp">
      <Filter>Source Files\Resources</Filter>
    </ClCompile>
    <ClCompile Include="define.cpp">
      <Filter>Source Files\Resources</Filter>
    </ClCompile>
    <ClCompile Include="Effect.cpp">
      <Filter>Source Files\Objects</Filter>
    </ClCompile>
    <ClCompile Include="Game.cpp">
      <Filter>Source Files\Resources</Filter>
    </ClCompile>
    <ClCompile Include="GameObject.cpp">
      <Filter>Source Files\Resources</Filter>
    </ClCompile>
    <ClCompile Include="GridObjects.cpp">
      <Filter>Source Files\Grid</Filter>
    </ClCompile>
    <ClCompile Include="Ground.cpp">
      <Filter>Source Files\Stair</Filter>
    </ClCompile>
    <ClCompile Include="Item.cpp">
      <Filter>Source Files\Objects</Filter>
    </ClCompile>
    <ClCompile Include="Knife.cpp">
      <Filter>Source Files\Weapons</Filter>
    </ClCompile>
    <ClCompile Include="Map.cpp">
      <Filter>Source Files\Resources</Filter>
    </ClCompile>
    <ClCompile Include="MerMan.cpp">
      <Filter>Source Files\Enemies</Filter>
    </ClCompile>
    <ClCompile Include="Panther.cpp">
      <Filter>Source Files\Enemies</Filter>
    </ClCompile>
    <ClCompile Include="RedBat.cpp">
      <Filter>Source Files\Enemies</Filter>
    </ClCompile>
    <ClCompile Include="Simon.cpp">
      <Filter>Source Files\Simon</Filter>
    </ClCompile>
    <ClCompile Include="Source.cpp">
      <Filter>Source Files\Resources</Filter>
    </ClCompile>
    <ClCompile Include="Sprites.cpp">
      <Filter>Source Files\Resources</Filter>
    </ClCompile>
    <ClCompile Include="Stair.cpp">
      <Filter>Source Files\Stair</Filter>
    </ClCompile>
    <ClCompile Include="Textures.cpp">
      <Filter>Source Files\Resources</Filter>
    </ClCompile>
    <ClCompile Include="UI.cpp">
      <Filter>Source Files\Resources</Filter>
    </ClCompile>
    <ClCompile Include="Weapon.cpp">
      <Filter>Source Files\Weapons</Filter>
    </ClCompile>
    <ClCompile Include="Whip.cpp">
      <Filter>Source Files\Simon</Filter>
    </ClCompile>
    <ClCompile Include="Zombie.cpp">
      <Filter>Source Files\Enemies</Filter>
    </ClCompile>
    <ClCompile Include="Axe.cpp">
      <Filter>Source Files\Weapons</Filter>
    </ClCompile>
    <ClCompile Include="HolyWater.cpp">
      <Filter>Source Files\Weapons</Filter>
    </ClCompile>
    <ClCompile Include="Knife.cpp">
      <Filter>Source Files</Filter>
    </ClCompile>
    <ClCompile Include="Weapon.cpp">
      <Filter>Source Files</Filter>
    </ClCompile>
    <ClCompile Include="Cross.cpp">
      <Filter>Source Files\Weapons</Filter>
    </ClCompile>
    <ClCompile Include="Door.cpp">
      <Filter>Source Files\Objects</Filter>
    </ClCompile>
    <ClCompile Include="WaterAnimation.cpp">
      <Filter>Source Files</Filter>
    </ClCompile>
  </ItemGroup>
</Project>